# This file is automatically @generated by Cargo.
# It is not intended for manual editing.
version = 3

[[package]]
name = "adler"
version = "1.0.2"
source = "registry+https://github.com/rust-lang/crates.io-index"
checksum = "f26201604c87b1e01bd3d98f8d5d9a8fcbb815e8cedb41ffccbeb4bf593a35fe"

[[package]]
name = "aho-corasick"
version = "1.0.5"
source = "registry+https://github.com/rust-lang/crates.io-index"
checksum = "0c378d78423fdad8089616f827526ee33c19f2fddbd5de1629152c9593ba4783"
dependencies = [
 "memchr",
]

[[package]]
name = "anyhow"
version = "1.0.71"
source = "registry+https://github.com/rust-lang/crates.io-index"
checksum = "9c7d0618f0e0b7e8ff11427422b64564d5fb0be1940354bfe2e0529b18a9d9b8"

[[package]]
name = "atomic-polyfill"
version = "0.1.11"
source = "registry+https://github.com/rust-lang/crates.io-index"
checksum = "e3ff7eb3f316534d83a8a2c3d1674ace8a5a71198eba31e2e2b597833f699b28"
dependencies = [
 "critical-section",
]

[[package]]
name = "atomic-waker"
version = "1.1.2"
source = "registry+https://github.com/rust-lang/crates.io-index"
checksum = "1505bd5d3d116872e7271a6d4e16d81d0c8570876c8de68093a09ac269d8aac0"
dependencies = [
 "portable-atomic",
]

[[package]]
name = "autocfg"
version = "1.1.0"
source = "registry+https://github.com/rust-lang/crates.io-index"
checksum = "d468802bab17cbc0cc575e9b053f41e72aa36bfa6b7f55e3529ffa43161b97fa"

[[package]]
name = "bare-metal"
version = "1.0.0"
source = "registry+https://github.com/rust-lang/crates.io-index"
checksum = "f8fe8f5a8a398345e52358e18ff07cc17a568fbca5c6f73873d3a62056309603"

[[package]]
name = "basic-toml"
version = "0.1.8"
source = "registry+https://github.com/rust-lang/crates.io-index"
checksum = "2db21524cad41c5591204d22d75e1970a2d1f71060214ca931dc7d5afe2c14e5"
dependencies = [
 "serde",
]

[[package]]
name = "bitfield"
version = "0.14.0"
source = "registry+https://github.com/rust-lang/crates.io-index"
checksum = "2d7e60934ceec538daadb9d8432424ed043a904d8e0243f3c6446bce549a46ac"

[[package]]
name = "bitflags"
version = "1.3.2"
source = "registry+https://github.com/rust-lang/crates.io-index"
checksum = "bef38d45163c2f1dde094a7dfd33ccf595c92905c8f8f4fdc18d06fb1037718a"

[[package]]
name = "bitflags"
version = "2.4.2"
source = "registry+https://github.com/rust-lang/crates.io-index"
checksum = "ed570934406eb16438a4e976b1b4500774099c13b8cb96eec99f620f05090ddf"

[[package]]
name = "byteorder"
version = "1.4.3"
source = "registry+https://github.com/rust-lang/crates.io-index"
checksum = "14c189c53d098945499cdfa7ecc63567cf3886b3332b312a5b4585d8d3a6a610"

[[package]]
name = "cfg-if"
version = "1.0.0"
source = "registry+https://github.com/rust-lang/crates.io-index"
checksum = "baf1de4339761588bc0619e3cbc0120ee582ebb74b53b4efbf79117bd2da40fd"

[[package]]
name = "core-isa-parser"
version = "0.2.0"
source = "registry+https://github.com/rust-lang/crates.io-index"
checksum = "23ec98e54b735872e54b2335c2e5a5c7fa7d9c3bfd45500f75280f84089a0083"
dependencies = [
 "anyhow",
 "enum-as-inner",
 "regex",
 "strum 0.24.1",
 "strum_macros 0.24.3",
]

[[package]]
name = "crc32fast"
version = "1.3.2"
source = "registry+https://github.com/rust-lang/crates.io-index"
checksum = "b540bd8bc810d3885c6ea91e2018302f68baba2129ab3e88f32389ee9370880d"
dependencies = [
 "cfg-if",
]

[[package]]
name = "critical-section"
version = "1.1.2"
source = "registry+https://github.com/rust-lang/crates.io-index"
checksum = "7059fff8937831a9ae6f0fe4d658ffabf58f2ca96aa9dec1c889f936f705f216"

[[package]]
name = "darling"
version = "0.20.3"
source = "registry+https://github.com/rust-lang/crates.io-index"
checksum = "0209d94da627ab5605dcccf08bb18afa5009cfbef48d8a8b7d7bdbc79be25c5e"
dependencies = [
 "darling_core",
 "darling_macro",
]

[[package]]
name = "darling_core"
version = "0.20.3"
source = "registry+https://github.com/rust-lang/crates.io-index"
checksum = "177e3443818124b357d8e76f53be906d60937f0d3a90773a664fa63fa253e621"
dependencies = [
 "fnv",
 "ident_case",
 "proc-macro2",
 "quote",
 "strsim",
 "syn 2.0.48",
]

[[package]]
name = "darling_macro"
version = "0.20.3"
source = "registry+https://github.com/rust-lang/crates.io-index"
checksum = "836a9bbc7ad63342d6d6e7b815ccab164bc77a2d95d84bc3117a8c0d5c98e2d5"
dependencies = [
 "darling_core",
 "quote",
 "syn 2.0.48",
]

[[package]]
name = "document-features"
version = "0.2.8"
source = "registry+https://github.com/rust-lang/crates.io-index"
checksum = "ef5282ad69563b5fc40319526ba27e0e7363d552a896f0297d54f767717f9b95"
dependencies = [
 "litrs",
]

[[package]]
name = "embassy-executor"
version = "0.5.0"
source = "registry+https://github.com/rust-lang/crates.io-index"
checksum = "ec648daedd2143466eff4b3e8002024f9f6c1de4ab7666bb679688752624c925"
dependencies = [
 "critical-section",
 "document-features",
 "embassy-executor-macros",
 "embassy-time-driver",
 "embassy-time-queue-driver",
]

[[package]]
name = "embassy-executor-macros"
version = "0.4.1"
source = "registry+https://github.com/rust-lang/crates.io-index"
checksum = "ad454accf80050e9cf7a51e994132ba0e56286b31f9317b68703897c328c59b5"
dependencies = [
 "darling",
 "proc-macro2",
 "quote",
 "syn 2.0.48",
]

[[package]]
name = "embassy-time-driver"
version = "0.1.0"
source = "registry+https://github.com/rust-lang/crates.io-index"
checksum = "6e0c214077aaa9206958b16411c157961fb7990d4ea628120a78d1a5a28aed24"
dependencies = [
 "document-features",
]

[[package]]
name = "embassy-time-queue-driver"
version = "0.1.0"
source = "registry+https://github.com/rust-lang/crates.io-index"
checksum = "f1177859559ebf42cd24ae7ba8fe6ee707489b01d0bf471f8827b7b12dcb0bc0"

[[package]]
name = "embedded-dma"
version = "0.2.0"
source = "registry+https://github.com/rust-lang/crates.io-index"
checksum = "994f7e5b5cb23521c22304927195f236813053eb9c065dd2226a32ba64695446"
dependencies = [
 "stable_deref_trait",
]

[[package]]
name = "embedded-hal"
version = "0.2.7"
source = "registry+https://github.com/rust-lang/crates.io-index"
checksum = "35949884794ad573cf46071e41c9b60efb0cb311e3ca01f7af807af1debc66ff"
dependencies = [
 "nb 0.1.3",
 "void",
]

[[package]]
name = "embedded-hal"
version = "1.0.0"
source = "registry+https://github.com/rust-lang/crates.io-index"
checksum = "361a90feb7004eca4019fb28352a9465666b24f840f5c3cddf0ff13920590b89"

[[package]]
name = "embedded-io"
version = "0.6.1"
source = "registry+https://github.com/rust-lang/crates.io-index"
checksum = "edd0f118536f44f5ccd48bcb8b111bdc3de888b58c74639dfb034a357d0f206d"

[[package]]
name = "embedded-io-async"
version = "0.6.1"
source = "registry+https://github.com/rust-lang/crates.io-index"
checksum = "3ff09972d4073aa8c299395be75161d582e7629cd663171d62af73c8d50dba3f"
dependencies = [
 "embedded-io",
]

[[package]]
name = "embedded-svc"
version = "0.27.0"
source = "registry+https://github.com/rust-lang/crates.io-index"
checksum = "21535485b1b86b9780ac583f26277011623ae014f6485e3a042eb1249ce50237"
dependencies = [
 "embedded-io",
 "embedded-io-async",
 "enumset",
 "heapless 0.8.0",
 "no-std-net",
]

[[package]]
name = "enum-as-inner"
version = "0.4.0"
source = "registry+https://github.com/rust-lang/crates.io-index"
checksum = "21cdad81446a7f7dc43f6a77409efeb9733d2fa65553efef6018ef257c959b73"
dependencies = [
 "heck",
 "proc-macro2",
 "quote",
 "syn 1.0.109",
]

[[package]]
name = "enumset"
version = "1.1.3"
source = "registry+https://github.com/rust-lang/crates.io-index"
checksum = "226c0da7462c13fb57e5cc9e0dc8f0635e7d27f276a3a7fd30054647f669007d"
dependencies = [
 "enumset_derive",
]

[[package]]
name = "enumset_derive"
version = "0.8.1"
source = "registry+https://github.com/rust-lang/crates.io-index"
checksum = "e08b6c6ab82d70f08844964ba10c7babb716de2ecaeab9be5717918a5177d3af"
dependencies = [
 "darling",
 "proc-macro2",
 "quote",
 "syn 2.0.48",
]

[[package]]
name = "equivalent"
version = "1.0.1"
source = "registry+https://github.com/rust-lang/crates.io-index"
checksum = "5443807d6dff69373d433ab9ef5378ad8df50ca6298caf15de6e52e24aaf54d5"

[[package]]
name = "esp-backtrace"
version = "0.11.0"
source = "registry+https://github.com/rust-lang/crates.io-index"
checksum = "7c5c6f9166728f6cd08e5781899f4c94fd7ccf2efd04e5b2295f7cb2c92c83e8"
dependencies = [
 "esp-println",
]

[[package]]
name = "esp-hal-common"
version = "0.15.0"
source = "registry+https://github.com/rust-lang/crates.io-index"
checksum = "c468eb364cc570da74dfb8adfda9f308c34259fcd19a4c695a46554a26b7478a"
dependencies = [
 "basic-toml",
 "bitfield",
 "bitflags 2.4.2",
 "cfg-if",
 "critical-section",
 "embassy-executor",
 "embedded-dma",
 "embedded-hal 0.2.7",
 "enumset",
 "esp-hal-procmacros",
 "esp-riscv-rt",
 "esp-synopsys-usb-otg",
 "esp32",
 "esp32c2",
 "esp32c3",
 "esp32c6",
 "esp32h2",
 "esp32s2",
 "esp32s3",
 "fugit",
 "heapless 0.8.0",
 "log",
 "nb 1.1.0",
 "paste",
 "portable-atomic",
 "riscv",
 "serde",
 "strum 0.25.0",
 "usb-device",
 "void",
 "xtensa-lx",
 "xtensa-lx-rt",
]

[[package]]
name = "esp-hal-procmacros"
version = "0.8.0"
source = "registry+https://github.com/rust-lang/crates.io-index"
checksum = "8d4614e76646736f8adf18133d82d51f0da2b8899f38efb0a703b996a252b15e"
dependencies = [
 "darling",
 "litrs",
 "object",
 "proc-macro-crate",
 "proc-macro-error",
 "proc-macro2",
 "quote",
 "syn 2.0.48",
]

[[package]]
name = "esp-println"
version = "0.9.0"
source = "registry+https://github.com/rust-lang/crates.io-index"
checksum = "6e090867a191aaaa0645f8a7f03c51ab57cee82e2adba5525940dc9ff1c07511"
dependencies = [
 "critical-section",
 "log",
]

[[package]]
name = "esp-riscv-rt"
version = "0.6.1"
source = "registry+https://github.com/rust-lang/crates.io-index"
checksum = "f8c734d963f250000961ffcb6135d814a3be0456020fe54f06d71c4277769326"
dependencies = [
 "riscv",
 "riscv-rt-macros",
]

[[package]]
name = "esp-synopsys-usb-otg"
version = "0.4.0"
source = "registry+https://github.com/rust-lang/crates.io-index"
checksum = "380a853a04a2a534e3ce8e9fef0215a68d56f6386365bc9799a3bd1f24f8e9b7"
dependencies = [
 "critical-section",
 "embedded-hal 0.2.7",
 "ral-registers",
 "usb-device",
 "vcell",
]

[[package]]
name = "esp-wifi"
version = "0.3.0"
source = "registry+https://github.com/rust-lang/crates.io-index"
checksum = "1c6cbcf1a41092dcc9cef4fe9beb45cdc8696d5a00c97bd7ff785de29b69a0b7"
dependencies = [
 "atomic-waker",
 "cfg-if",
 "critical-section",
 "embedded-io",
 "embedded-svc",
 "enumset",
 "esp-wifi-sys",
 "esp32-hal",
 "esp32c2-hal",
 "esp32c3-hal",
 "esp32c6-hal",
 "esp32h2-hal",
 "esp32s2-hal",
 "esp32s3-hal",
 "fugit",
 "futures-util",
 "heapless 0.8.0",
 "libm",
 "linked_list_allocator",
 "log",
 "num-derive",
 "num-traits",
 "portable-atomic",
 "portable_atomic_enum",
 "smoltcp",
 "toml-cfg",
]

[[package]]
name = "esp-wifi-sys"
version = "0.3.0"
source = "registry+https://github.com/rust-lang/crates.io-index"
checksum = "551b510b3944844675fcefa1301b3610fe56faa419bcc05dd0dd0056745c6654"
dependencies = [
 "anyhow",
]

[[package]]
name = "esp32"
version = "0.28.0"
source = "registry+https://github.com/rust-lang/crates.io-index"
checksum = "dc2fc55374d01cd02af1ce27c75cd0607294aaa7b2ea67f1ff5f81a8924a2348"
dependencies = [
 "critical-section",
 "vcell",
 "xtensa-lx",
]

[[package]]
name = "esp32-hal"
version = "0.18.0"
source = "registry+https://github.com/rust-lang/crates.io-index"
checksum = "9ac3605edffa326244eac0afc66f3f6af81c84e91b4bb63a1e26ca36a3db7fd6"
dependencies = [
 "esp-hal-common",
]

[[package]]
name = "esp32c2"
version = "0.17.0"
source = "registry+https://github.com/rust-lang/crates.io-index"
checksum = "2ad287b8cbc78f61fa7c81202e8bb7b1e438715ca0dc9654fc5c326458e9ba5d"
dependencies = [
 "critical-section",
 "vcell",
]

[[package]]
name = "esp32c2-hal"
version = "0.13.0"
source = "registry+https://github.com/rust-lang/crates.io-index"
checksum = "3dc6e3849fd3c8eed78c31ba3a1c26b90b68514370eb197c4e1296cf294c644a"
dependencies = [
 "esp-hal-common",
]

[[package]]
name = "esp32c3"
version = "0.20.0"
source = "registry+https://github.com/rust-lang/crates.io-index"
checksum = "398875eca3b0a51216110bd988bc72f79e564a0039fc93d81c10113c3e5f1a55"
dependencies = [
 "critical-section",
 "vcell",
]

[[package]]
name = "esp32c3-hal"
version = "0.15.0"
source = "registry+https://github.com/rust-lang/crates.io-index"
checksum = "4b6bc2ca4947de92664ce7ca728fdcebedc96b1574ff3491db71d4db35491c5d"
dependencies = [
 "esp-hal-common",
]

[[package]]
name = "esp32c6"
version = "0.11.0"
source = "registry+https://github.com/rust-lang/crates.io-index"
checksum = "9683d47088fa94123072f0d8fc6dbdad0ecd2fb013d2095170179a5bec4e09d2"
dependencies = [
 "critical-section",
 "vcell",
]

[[package]]
name = "esp32c6-hal"
version = "0.8.0"
source = "registry+https://github.com/rust-lang/crates.io-index"
checksum = "606a1de45318e16a7f444d2f82268749943643e0bf34a1935ff191cb20735fc7"
dependencies = [
 "esp-hal-common",
]

[[package]]
name = "esp32h2"
version = "0.7.0"
source = "registry+https://github.com/rust-lang/crates.io-index"
checksum = "f8cb744fe4793cf793355162551bbee5a1e07cb121004931e02847a6059b2c51"
dependencies = [
 "critical-section",
 "vcell",
]

[[package]]
name = "esp32h2-hal"
version = "0.6.0"
source = "registry+https://github.com/rust-lang/crates.io-index"
checksum = "3eb5fd5427c06cbe2e2a9b6a694e6dcdff4076964680068b088edf7a42e5e09e"
dependencies = [
 "esp-hal-common",
]

[[package]]
name = "esp32s2"
version = "0.19.0"
source = "registry+https://github.com/rust-lang/crates.io-index"
checksum = "92b31f5a118f20eac1f38d155432ad976b777229dbaf050fecf1d1a61cf3295a"
dependencies = [
 "critical-section",
 "vcell",
 "xtensa-lx",
]

[[package]]
name = "esp32s2-hal"
version = "0.15.0"
source = "registry+https://github.com/rust-lang/crates.io-index"
checksum = "8939bd76fb3797907d23cac99d564d81dab8c13ac219005df05435afd5f6d00f"
dependencies = [
 "esp-hal-common",
]

[[package]]
name = "esp32s3"
version = "0.23.0"
source = "registry+https://github.com/rust-lang/crates.io-index"
checksum = "5227feb6445b9eb8482f0a3eca3a0891df21a18b3d1c6e45fa6f09a5267b9711"
dependencies = [
 "critical-section",
 "vcell",
 "xtensa-lx",
]

[[package]]
name = "esp32s3-hal"
version = "0.15.0"
source = "registry+https://github.com/rust-lang/crates.io-index"
checksum = "3a26923afd7aed6c194f21a238327be52a79aab9f9f01f177dc27c6e09b052fc"
dependencies = [
 "esp-hal-common",
]

[[package]]
name = "flate2"
version = "1.0.28"
source = "registry+https://github.com/rust-lang/crates.io-index"
checksum = "46303f565772937ffe1d394a4fac6f411c6013172fadde9dcdb1e147a086940e"
dependencies = [
 "crc32fast",
 "miniz_oxide",
]

[[package]]
name = "fnv"
version = "1.0.7"
source = "registry+https://github.com/rust-lang/crates.io-index"
checksum = "3f9eec918d3f24069decb9af1554cad7c880e2da24a9afd88aca000531ab82c1"

[[package]]
name = "fugit"
version = "0.3.7"
source = "registry+https://github.com/rust-lang/crates.io-index"
checksum = "17186ad64927d5ac8f02c1e77ccefa08ccd9eaa314d5a4772278aa204a22f7e7"
dependencies = [
 "gcd",
]

[[package]]
name = "futures-core"
version = "0.3.30"
source = "registry+https://github.com/rust-lang/crates.io-index"
checksum = "dfc6580bb841c5a68e9ef15c77ccc837b40a7504914d52e47b8b0e9bbda25a1d"
dependencies = [
 "portable-atomic",
]

[[package]]
name = "futures-task"
version = "0.3.30"
source = "registry+https://github.com/rust-lang/crates.io-index"
checksum = "38d84fa142264698cdce1a9f9172cf383a0c82de1bddcf3092901442c4097004"

[[package]]
name = "futures-util"
version = "0.3.30"
source = "registry+https://github.com/rust-lang/crates.io-index"
checksum = "3d6401deb83407ab3da39eba7e33987a73c3df0c82b4bb5813ee871c19c41d48"
dependencies = [
 "futures-core",
 "futures-task",
 "pin-project-lite",
 "pin-utils",
]

[[package]]
name = "gcd"
version = "2.3.0"
source = "registry+https://github.com/rust-lang/crates.io-index"
checksum = "1d758ba1b47b00caf47f24925c0074ecb20d6dfcffe7f6d53395c0465674841a"

[[package]]
name = "hash32"
version = "0.2.1"
source = "registry+https://github.com/rust-lang/crates.io-index"
checksum = "b0c35f58762feb77d74ebe43bdbc3210f09be9fe6742234d573bacc26ed92b67"
dependencies = [
 "byteorder",
]

[[package]]
name = "hash32"
version = "0.3.1"
source = "registry+https://github.com/rust-lang/crates.io-index"
checksum = "47d60b12902ba28e2730cd37e95b8c9223af2808df9e902d4df49588d1470606"
dependencies = [
 "byteorder",
]

[[package]]
name = "hashbrown"
version = "0.14.3"
source = "registry+https://github.com/rust-lang/crates.io-index"
checksum = "290f1a1d9242c78d09ce40a5e87e7554ee637af1351968159f4952f028f75604"

[[package]]
name = "heapless"
version = "0.7.16"
source = "registry+https://github.com/rust-lang/crates.io-index"
checksum = "db04bc24a18b9ea980628ecf00e6c0264f3c1426dac36c00cb49b6fbad8b0743"
dependencies = [
 "atomic-polyfill",
 "hash32 0.2.1",
 "rustc_version",
 "spin",
 "stable_deref_trait",
]

[[package]]
name = "heapless"
version = "0.8.0"
source = "registry+https://github.com/rust-lang/crates.io-index"
checksum = "0bfb9eb618601c89945a70e254898da93b13be0388091d42117462b265bb3fad"
dependencies = [
 "hash32 0.3.1",
 "portable-atomic",
 "stable_deref_trait",
]

[[package]]
name = "heck"
version = "0.4.1"
source = "registry+https://github.com/rust-lang/crates.io-index"
checksum = "95505c38b4572b2d910cecb0281560f54b440a19336cbbcb27bf6ce6adc6f5a8"

[[package]]
name = "http-client"
version = "0.1.0"
dependencies = [
 "embedded-io",
 "embedded-svc",
 "esp-backtrace",
 "esp-println",
 "esp-wifi",
 "esp32c3-hal",
 "heapless 0.8.0",
 "smoltcp",
]

[[package]]
name = "ident_case"
version = "1.0.1"
source = "registry+https://github.com/rust-lang/crates.io-index"
checksum = "b9e0384b61958566e926dc50660321d12159025e767c18e043daf26b70104c39"

[[package]]
name = "indexmap"
version = "2.1.0"
source = "registry+https://github.com/rust-lang/crates.io-index"
checksum = "d530e1a18b1cb4c484e6e34556a0d948706958449fca0cab753d649f2bce3d1f"
dependencies = [
 "equivalent",
 "hashbrown",
]

[[package]]
name = "libm"
version = "0.2.8"
source = "registry+https://github.com/rust-lang/crates.io-index"
checksum = "4ec2a862134d2a7d32d7983ddcdd1c4923530833c9f2ea1a44fc5fa473989058"

[[package]]
name = "linked_list_allocator"
version = "0.10.5"
source = "registry+https://github.com/rust-lang/crates.io-index"
checksum = "9afa463f5405ee81cdb9cc2baf37e08ec7e4c8209442b5d72c04cfb2cd6e6286"

[[package]]
name = "litrs"
version = "0.4.1"
source = "registry+https://github.com/rust-lang/crates.io-index"
checksum = "b4ce301924b7887e9d637144fdade93f9dfff9b60981d4ac161db09720d39aa5"
dependencies = [
 "proc-macro2",
]

[[package]]
name = "lock_api"
version = "0.4.10"
source = "registry+https://github.com/rust-lang/crates.io-index"
checksum = "c1cc9717a20b1bb222f333e6a92fd32f7d8a18ddc5a3191a11af45dcbf4dcd16"
dependencies = [
 "autocfg",
 "scopeguard",
]

[[package]]
name = "log"
version = "0.4.20"
source = "registry+https://github.com/rust-lang/crates.io-index"
checksum = "b5e6163cb8c49088c2c36f57875e58ccd8c87c7427f7fbd50ea6710b2f3f2e8f"

[[package]]
name = "managed"
version = "0.8.0"
source = "registry+https://github.com/rust-lang/crates.io-index"
checksum = "0ca88d725a0a943b096803bd34e73a4437208b6077654cc4ecb2947a5f91618d"

[[package]]
name = "memchr"
version = "2.5.0"
source = "registry+https://github.com/rust-lang/crates.io-index"
checksum = "2dffe52ecf27772e601905b7522cb4ef790d2cc203488bbd0e2fe85fcb74566d"

[[package]]
name = "minijinja"
version = "1.0.7"
source = "registry+https://github.com/rust-lang/crates.io-index"
checksum = "50c43c912b380856deeb78d826e3b77df13a90e69aef6223e3ad28c02d2ca857"
dependencies = [
 "serde",
]

[[package]]
name = "miniz_oxide"
version = "0.7.1"
source = "registry+https://github.com/rust-lang/crates.io-index"
checksum = "e7810e0be55b428ada41041c41f32c9f1a42817901b4ccf45fa3d4b6561e74c7"
dependencies = [
 "adler",
]

[[package]]
name = "mutex-trait"
version = "0.2.0"
source = "registry+https://github.com/rust-lang/crates.io-index"
checksum = "b4bb1638d419e12f8b1c43d9e639abd0d1424285bdea2f76aa231e233c63cd3a"

[[package]]
name = "nb"
version = "0.1.3"
source = "registry+https://github.com/rust-lang/crates.io-index"
checksum = "801d31da0513b6ec5214e9bf433a77966320625a37860f910be265be6e18d06f"
dependencies = [
 "nb 1.1.0",
]

[[package]]
name = "nb"
version = "1.1.0"
source = "registry+https://github.com/rust-lang/crates.io-index"
checksum = "8d5439c4ad607c3c23abf66de8c8bf57ba8adcd1f129e699851a6e43935d339d"

[[package]]
name = "no-std-net"
version = "0.5.0"
source = "registry+https://github.com/rust-lang/crates.io-index"
checksum = "1bcece43b12349917e096cddfa66107277f123e6c96a5aea78711dc601a47152"

[[package]]
name = "num-derive"
version = "0.4.2"
source = "registry+https://github.com/rust-lang/crates.io-index"
checksum = "ed3955f1a9c7c0c15e092f9c887db08b1fc683305fdf6eb6684f22555355e202"
dependencies = [
 "proc-macro2",
 "quote",
 "syn 2.0.48",
]

[[package]]
name = "num-traits"
version = "0.2.15"
source = "registry+https://github.com/rust-lang/crates.io-index"
checksum = "578ede34cf02f8924ab9447f50c28075b4d3e5b269972345e7e0372b38c6cdcd"
dependencies = [
 "autocfg",
]

[[package]]
name = "num_enum"
version = "0.6.1"
source = "registry+https://github.com/rust-lang/crates.io-index"
checksum = "7a015b430d3c108a207fd776d2e2196aaf8b1cf8cf93253e3a097ff3085076a1"
dependencies = [
 "num_enum_derive",
]

[[package]]
name = "num_enum_derive"
version = "0.6.1"
source = "registry+https://github.com/rust-lang/crates.io-index"
checksum = "96667db765a921f7b295ffee8b60472b686a51d4f21c2ee4ffdb94c7013b65a6"
dependencies = [
 "proc-macro2",
 "quote",
 "syn 2.0.48",
]

[[package]]
name = "object"
version = "0.32.1"
source = "registry+https://github.com/rust-lang/crates.io-index"
checksum = "9cf5f9dd3933bd50a9e1f149ec995f39ae2c496d31fd772c1fd45ebc27e902b0"
dependencies = [
 "flate2",
 "memchr",
 "ruzstd",
]

[[package]]
name = "paste"
version = "1.0.14"
source = "registry+https://github.com/rust-lang/crates.io-index"
checksum = "de3145af08024dea9fa9914f381a17b8fc6034dfb00f3a84013f7ff43f29ed4c"

[[package]]
name = "pin-project-lite"
version = "0.2.13"
source = "registry+https://github.com/rust-lang/crates.io-index"
checksum = "8afb450f006bf6385ca15ef45d71d2288452bc3683ce2e2cacc0d18e4be60b58"

[[package]]
name = "pin-utils"
version = "0.1.0"
source = "registry+https://github.com/rust-lang/crates.io-index"
checksum = "8b870d8c151b6f2fb93e84a13146138f05d02ed11c7e7c54f8826aaaf7c9f184"

[[package]]
name = "portable-atomic"
version = "1.6.0"
source = "registry+https://github.com/rust-lang/crates.io-index"
checksum = "7170ef9988bc169ba16dd36a7fa041e5c4cbeb6a35b76d4c03daded371eae7c0"
dependencies = [
 "critical-section",
]

[[package]]
name = "portable_atomic_enum"
version = "0.3.0"
source = "registry+https://github.com/rust-lang/crates.io-index"
checksum = "00253e43338cee34915bcd1ee3d89d79e136f3e30985c2376b75262e7313186d"
dependencies = [
 "portable-atomic",
 "portable_atomic_enum_macros",
]

[[package]]
name = "portable_atomic_enum_macros"
version = "0.2.0"
source = "registry+https://github.com/rust-lang/crates.io-index"
checksum = "b9f56d1f3342c604f4a225fc0b9d7ff42e2971fc892637da301e89ec7ee23013"
dependencies = [
 "proc-macro2",
 "quote",
 "syn 2.0.48",
]

[[package]]
name = "proc-macro-crate"
version = "2.0.2"
source = "registry+https://github.com/rust-lang/crates.io-index"
checksum = "b00f26d3400549137f92511a46ac1cd8ce37cb5598a96d382381458b992a5d24"
dependencies = [
 "toml_datetime",
 "toml_edit",
]

[[package]]
name = "proc-macro-error"
version = "1.0.4"
source = "registry+https://github.com/rust-lang/crates.io-index"
checksum = "da25490ff9892aab3fcf7c36f08cfb902dd3e71ca0f9f9517bea02a73a5ce38c"
dependencies = [
 "proc-macro-error-attr",
 "proc-macro2",
 "quote",
 "syn 1.0.109",
 "version_check",
]

[[package]]
name = "proc-macro-error-attr"
version = "1.0.4"
source = "registry+https://github.com/rust-lang/crates.io-index"
checksum = "a1be40180e52ecc98ad80b184934baf3d0d29f979574e439af5a55274b35f869"
dependencies = [
 "proc-macro2",
 "quote",
 "version_check",
]

[[package]]
name = "proc-macro2"
version = "1.0.78"
source = "registry+https://github.com/rust-lang/crates.io-index"
checksum = "e2422ad645d89c99f8f3e6b88a9fdeca7fabeac836b1002371c4367c8f984aae"
dependencies = [
 "unicode-ident",
]

[[package]]
name = "quote"
version = "1.0.35"
source = "registry+https://github.com/rust-lang/crates.io-index"
checksum = "291ec9ab5efd934aaf503a6466c5d5251535d108ee747472c3977cc5acc868ef"
dependencies = [
 "proc-macro2",
]

[[package]]
name = "r0"
version = "1.0.0"
source = "registry+https://github.com/rust-lang/crates.io-index"
checksum = "bd7a31eed1591dcbc95d92ad7161908e72f4677f8fabf2a32ca49b4237cbf211"

[[package]]
name = "ral-registers"
version = "0.1.3"
source = "registry+https://github.com/rust-lang/crates.io-index"
checksum = "46b71a9d9206e8b46714c74255adcaea8b11e0350c1d8456165073c3f75fc81a"

[[package]]
name = "regex"
version = "1.9.4"
source = "registry+https://github.com/rust-lang/crates.io-index"
checksum = "12de2eff854e5fa4b1295edd650e227e9d8fb0c9e90b12e7f36d6a6811791a29"
dependencies = [
 "aho-corasick",
 "memchr",
 "regex-automata",
 "regex-syntax",
]

[[package]]
name = "regex-automata"
version = "0.3.7"
source = "registry+https://github.com/rust-lang/crates.io-index"
checksum = "49530408a136e16e5b486e883fbb6ba058e8e4e8ae6621a77b048b314336e629"
dependencies = [
 "aho-corasick",
 "memchr",
 "regex-syntax",
]

[[package]]
name = "regex-syntax"
version = "0.7.5"
source = "registry+https://github.com/rust-lang/crates.io-index"
checksum = "dbb5fb1acd8a1a18b3dd5be62d25485eb770e05afb408a9627d14d451bae12da"

[[package]]
name = "riscv"
version = "0.11.0"
source = "registry+https://github.com/rust-lang/crates.io-index"
checksum = "575e01d1b3282801143c2a09e5ddddb0be7fc9bec2f1d624b789c9e9559a0023"
dependencies = [
 "critical-section",
 "embedded-hal 1.0.0",
]

[[package]]
name = "riscv-rt-macros"
version = "0.2.1"
source = "registry+https://github.com/rust-lang/crates.io-index"
checksum = "a8d100d466dbb76681ef6a9386f3da9abc570d57394e86da0ba5af8c4408486d"
dependencies = [
 "proc-macro2",
 "quote",
 "syn 1.0.109",
]

[[package]]
name = "rustc_version"
version = "0.4.0"
source = "registry+https://github.com/rust-lang/crates.io-index"
checksum = "bfa0f585226d2e68097d4f95d113b15b83a82e819ab25717ec0590d9584ef366"
dependencies = [
 "semver",
]

[[package]]
name = "rustversion"
version = "1.0.12"
source = "registry+https://github.com/rust-lang/crates.io-index"
checksum = "4f3208ce4d8448b3f3e7d168a73f5e0c43a61e32930de3bceeccedb388b6bf06"

[[package]]
name = "ruzstd"
version = "0.4.0"
source = "registry+https://github.com/rust-lang/crates.io-index"
checksum = "ac3ffab8f9715a0d455df4bbb9d21e91135aab3cd3ca187af0cd0c3c3f868fdc"
dependencies = [
 "byteorder",
 "thiserror-core",
 "twox-hash",
]

[[package]]
name = "scopeguard"
version = "1.1.0"
source = "registry+https://github.com/rust-lang/crates.io-index"
checksum = "d29ab0c6d3fc0ee92fe66e2d99f700eab17a8d57d1c1d3b748380fb20baa78cd"

[[package]]
name = "semver"
version = "1.0.17"
source = "registry+https://github.com/rust-lang/crates.io-index"
checksum = "bebd363326d05ec3e2f532ab7660680f3b02130d780c299bca73469d521bc0ed"

[[package]]
name = "serde"
version = "1.0.196"
source = "registry+https://github.com/rust-lang/crates.io-index"
checksum = "870026e60fa08c69f064aa766c10f10b1d62db9ccd4d0abb206472bee0ce3b32"
dependencies = [
 "serde_derive",
]

[[package]]
name = "serde_derive"
version = "1.0.196"
source = "registry+https://github.com/rust-lang/crates.io-index"
checksum = "33c85360c95e7d137454dc81d9a4ed2b8efd8fbe19cee57357b32b9771fccb67"
dependencies = [
 "proc-macro2",
 "quote",
 "syn 2.0.48",
]

[[package]]
name = "smoltcp"
version = "0.11.0"
source = "registry+https://github.com/rust-lang/crates.io-index"
checksum = "5a1a996951e50b5971a2c8c0fa05a381480d70a933064245c4a223ddc87ccc97"
dependencies = [
 "bitflags 1.3.2",
 "byteorder",
 "cfg-if",
 "heapless 0.8.0",
 "managed",
]

[[package]]
name = "spin"
version = "0.9.8"
source = "registry+https://github.com/rust-lang/crates.io-index"
checksum = "6980e8d7511241f8acf4aebddbb1ff938df5eebe98691418c4468d0b72a96a67"
dependencies = [
 "lock_api",
]

[[package]]
name = "stable_deref_trait"
version = "1.2.0"
source = "registry+https://github.com/rust-lang/crates.io-index"
checksum = "a8f112729512f8e442d81f95a8a7ddf2b7c6b8a1a6f509a95864142b30cab2d3"

[[package]]
name = "static_assertions"
version = "1.1.0"
source = "registry+https://github.com/rust-lang/crates.io-index"
checksum = "a2eb9349b6444b326872e140eb1cf5e7c522154d69e7a0ffb0fb81c06b37543f"

[[package]]
name = "strsim"
version = "0.10.0"
source = "registry+https://github.com/rust-lang/crates.io-index"
checksum = "73473c0e59e6d5812c5dfe2a064a6444949f089e20eec9a2e5506596494e4623"

[[package]]
name = "strum"
version = "0.24.1"
source = "registry+https://github.com/rust-lang/crates.io-index"
checksum = "063e6045c0e62079840579a7e47a355ae92f60eb74daaf156fb1e84ba164e63f"

[[package]]
name = "strum"
version = "0.25.0"
source = "registry+https://github.com/rust-lang/crates.io-index"
checksum = "290d54ea6f91c969195bdbcd7442c8c2a2ba87da8bf60a7ee86a235d4bc1e125"
dependencies = [
 "strum_macros 0.25.2",
]

[[package]]
name = "strum_macros"
version = "0.24.3"
source = "registry+https://github.com/rust-lang/crates.io-index"
checksum = "1e385be0d24f186b4ce2f9982191e7101bb737312ad61c1f2f984f34bcf85d59"
dependencies = [
 "heck",
 "proc-macro2",
 "quote",
 "rustversion",
 "syn 1.0.109",
]

[[package]]
name = "strum_macros"
version = "0.25.2"
source = "registry+https://github.com/rust-lang/crates.io-index"
checksum = "ad8d03b598d3d0fff69bf533ee3ef19b8eeb342729596df84bcc7e1f96ec4059"
dependencies = [
 "heck",
 "proc-macro2",
 "quote",
 "rustversion",
 "syn 2.0.48",
]

[[package]]
name = "syn"
version = "1.0.109"
source = "registry+https://github.com/rust-lang/crates.io-index"
checksum = "72b64191b275b66ffe2469e8af2c1cfe3bafa67b529ead792a6d0160888b4237"
dependencies = [
 "proc-macro2",
 "quote",
 "unicode-ident",
]

[[package]]
name = "syn"
version = "2.0.48"
source = "registry+https://github.com/rust-lang/crates.io-index"
checksum = "0f3531638e407dfc0814761abb7c00a5b54992b849452a0646b7f65c9f770f3f"
dependencies = [
 "proc-macro2",
 "quote",
 "unicode-ident",
]

[[package]]
name = "thiserror-core"
version = "1.0.50"
source = "registry+https://github.com/rust-lang/crates.io-index"
checksum = "c001ee18b7e5e3f62cbf58c7fe220119e68d902bb7443179c0c8aef30090e999"
dependencies = [
 "thiserror-core-impl",
]

[[package]]
name = "thiserror-core-impl"
version = "1.0.50"
source = "registry+https://github.com/rust-lang/crates.io-index"
checksum = "e4c60d69f36615a077cc7663b9cb8e42275722d23e58a7fa3d2c7f2915d09d04"
dependencies = [
 "proc-macro2",
 "quote",
 "syn 2.0.48",
]

[[package]]
name = "toml"
version = "0.5.11"
source = "registry+https://github.com/rust-lang/crates.io-index"
checksum = "f4f7f0dd8d50a853a531c426359045b1998f04219d88799810762cd4ad314234"
dependencies = [
 "serde",
]

[[package]]
name = "toml-cfg"
version = "0.1.3"
source = "registry+https://github.com/rust-lang/crates.io-index"
checksum = "91dbf509587452b781d208257bfe9923808873290d99505ee0eb0e6599540bdf"
dependencies = [
 "heck",
 "proc-macro2",
 "quote",
 "serde",
 "syn 1.0.109",
 "toml",
]

[[package]]
name = "toml_datetime"
version = "0.6.3"
source = "registry+https://github.com/rust-lang/crates.io-index"
checksum = "7cda73e2f1397b1262d6dfdcef8aafae14d1de7748d66822d3bfeeb6d03e5e4b"

[[package]]
name = "toml_edit"
version = "0.20.2"
source = "registry+https://github.com/rust-lang/crates.io-index"
checksum = "396e4d48bbb2b7554c944bde63101b5ae446cff6ec4a24227428f15eb72ef338"
dependencies = [
 "indexmap",
 "toml_datetime",
 "winnow",
]

[[package]]
name = "twox-hash"
version = "1.6.3"
source = "registry+https://github.com/rust-lang/crates.io-index"
checksum = "97fee6b57c6a41524a810daee9286c02d7752c4253064d0b05472833a438f675"
dependencies = [
 "cfg-if",
 "static_assertions",
]

[[package]]
name = "unicode-ident"
version = "1.0.8"
source = "registry+https://github.com/rust-lang/crates.io-index"
checksum = "e5464a87b239f13a63a501f2701565754bae92d243d4bb7eb12f6d57d2269bf4"

[[package]]
name = "usb-device"
version = "0.3.1"
source = "registry+https://github.com/rust-lang/crates.io-index"
checksum = "e73e438f527e567fb3982f2370967821fab4f5aea84c42e218a211dd2002b6a2"
dependencies = [
 "heapless 0.7.16",
 "num_enum",
 "portable-atomic",
]

[[package]]
name = "vcell"
version = "0.1.3"
source = "registry+https://github.com/rust-lang/crates.io-index"
checksum = "77439c1b53d2303b20d9459b1ade71a83c716e3f9c34f3228c00e6f185d6c002"

[[package]]
name = "version_check"
version = "0.9.4"
source = "registry+https://github.com/rust-lang/crates.io-index"
checksum = "49874b5167b65d7193b8aba1567f5c7d93d001cafc34600cee003eda787e483f"

[[package]]
name = "void"
version = "1.0.2"
source = "registry+https://github.com/rust-lang/crates.io-index"
checksum = "6a02e4885ed3bc0f2de90ea6dd45ebcbb66dacffe03547fadbb0eeae2770887d"

[[package]]
name = "winnow"
version = "0.5.19"
source = "registry+https://github.com/rust-lang/crates.io-index"
checksum = "829846f3e3db426d4cee4510841b71a8e58aa2a76b1132579487ae430ccd9c7b"
dependencies = [
 "memchr",
]

[[package]]
name = "xtensa-lx"
version = "0.8.0"
source = "registry+https://github.com/rust-lang/crates.io-index"
checksum = "9490addc0a1edd86e571a9ed8063f33d8224f981e61bbf72279671ed0cb4bb7c"
dependencies = [
 "bare-metal",
 "mutex-trait",
 "spin",
]

[[package]]
name = "xtensa-lx-rt"
version = "0.16.0"
source = "registry+https://github.com/rust-lang/crates.io-index"
checksum = "904102108b780c9a5e3275c5f3c63dc348ec43ae5da5237868515498b447d51a"
dependencies = [
 "bare-metal",
 "core-isa-parser",
 "minijinja",
 "r0",
 "xtensa-lx-rt-proc-macros",
]

[[package]]
name = "xtensa-lx-rt-proc-macros"
version = "0.2.1"
source = "registry+https://github.com/rust-lang/crates.io-index"
checksum = "082cdede098bbec9af15b0e74085e5f3d16f2923597de7aed7b8112003af2da7"
dependencies = [
 "darling",
 "proc-macro2",
 "quote",
 "syn 2.0.48",
]
